// !$*UTF8*$!
{
	archiveVersion = 1;
	classes = {
	};
	objectVersion = 48;
	objects = {

/* Begin PBXBuildFile section */
		A7FAFAA7211A2340003CC8AE /* AppDelegate.swift in Sources */ = {isa = PBXBuildFile; fileRef = A7FAFAA6211A2340003CC8AE /* AppDelegate.swift */; };
		A7FAFAA9211A2340003CC8AE /* MainController.swift in Sources */ = {isa = PBXBuildFile; fileRef = A7FAFAA8211A2340003CC8AE /* MainController.swift */; };
		A7FAFAAC211A2340003CC8AE /* Main.storyboard in Resources */ = {isa = PBXBuildFile; fileRef = A7FAFAAA211A2340003CC8AE /* Main.storyboard */; };
		A7FAFAAE211A2340003CC8AE /* Assets.xcassets in Resources */ = {isa = PBXBuildFile; fileRef = A7FAFAAD211A2340003CC8AE /* Assets.xcassets */; };
		A7FAFAB1211A2340003CC8AE /* LaunchScreen.storyboard in Resources */ = {isa = PBXBuildFile; fileRef = A7FAFAAF211A2340003CC8AE /* LaunchScreen.storyboard */; };
/* End PBXBuildFile section */

/* Begin PBXFileReference section */
		A7FAFAA3211A2340003CC8AE /* Kosci.app */ = {isa = PBXFileReference; explicitFileType = wrapper.application; includeInIndex = 0; path = Kosci.app; sourceTree = BUILT_PRODUCTS_DIR; };
		A7FAFAA6211A2340003CC8AE /* AppDelegate.swift */ = {isa = PBXFileReference; lastKnownFileType = sourcecode.swift; path = AppDelegate.swift; sourceTree = "<group>"; };
		A7FAFAA8211A2340003CC8AE /* MainController.swift */ = {isa = PBXFileReference; lastKnownFileType = sourcecode.swift; path = MainController.swift; sourceTree = "<group>"; };
		A7FAFAAB211A2340003CC8AE /* Base */ = {isa = PBXFileReference; lastKnownFileType = file.storyboard; name = Base; path = Base.lproj/Main.storyboard; sourceTree = "<group>"; };
		A7FAFAAD211A2340003CC8AE /* Assets.xcassets */ = {isa = PBXFileReference; lastKnownFileType = folder.assetcatalog; path = Assets.xcassets; sourceTree = "<group>"; };
		A7FAFAB0211A2340003CC8AE /* Base */ = {isa = PBXFileReference; lastKnownFileType = file.storyboard; name = Base; path = Base.lproj/LaunchScreen.storyboard; sourceTree = "<group>"; };
		A7FAFAB2211A2340003CC8AE /* Info.plist */ = {isa = PBXFileReference; lastKnownFileType = text.plist.xml; path = Info.plist; sourceTree = "<group>"; };
/* End PBXFileReference section */

/* Begin PBXFrameworksBuildPhase section */
		A7FAFAA0211A2340003CC8AE /* Frameworks */ = {
			isa = PBXFrameworksBuildPhase;
			buildActionMask = 2147483647;
			files = (
			);
			runOnlyForDeploymentPostprocessing = 0;
		};
/* End PBXFrameworksBuildPhase section */

/* Begin PBXGroup section */
		A7FAFA9A211A2340003CC8AE = {
			isa = PBXGroup;
			children = (
				A7FAFAA5211A2340003CC8AE /* Kosci */,
				A7FAFAA4211A2340003CC8AE /* Products */,
			);
			sourceTree = "<group>";
		};
		A7FAFAA4211A2340003CC8AE /* Products */ = {
			isa = PBXGroup;
			children = (
				A7FAFAA3211A2340003CC8AE /* Kosci.app */,
			);
			name = Products;
			sourceTree = "<group>";
		};
		A7FAFAA5211A2340003CC8AE /* Kosci */ = {
			isa = PBXGroup;
			children = (
				A7FAFAB9211A2BBE003CC8AE /* Controller */,
				A7FAFAA6211A2340003CC8AE /* AppDelegate.swift */,
				A7FAFAAA211A2340003CC8AE /* Main.storyboard */,
				A7FAFAAD211A2340003CC8AE /* Assets.xcassets */,
				A7FAFAAF211A2340003CC8AE /* LaunchScreen.storyboard */,
				A7FAFAB2211A2340003CC8AE /* Info.plist */,
			);
			path = Kosci;
			sourceTree = "<group>";
		};
		A7FAFAB9211A2BBE003CC8AE /* Controller */ = {
			isa = PBXGroup;
			children = (
				A7FAFAA8211A2340003CC8AE /* MainController.swift */,
			);
			path = Controller;
			sourceTree = "<group>";
		};
/* End PBXGroup section */

/* Begin PBXNativeTarget section */
		A7FAFAA2211A2340003CC8AE /* Kosci */ = {
			isa = PBXNativeTarget;
			buildConfigurationList = A7FAFAB5211A2340003CC8AE /* Build configuration list for PBXNativeTarget "Kosci" */;
			buildPhases = (
				A7FAFA9F211A2340003CC8AE /* Sources */,
				A7FAFAA0211A2340003CC8AE /* Frameworks */,
				A7FAFAA1211A2340003CC8AE /* Resources */,
			);
			buildRules = (
			);
			dependencies = (
			);
			name = Kosci;
			productName = Kosci;
			productReference = A7FAFAA3211A2340003CC8AE /* Kosci.app */;
			productType = "com.apple.product-type.application";
		};
/* End PBXNativeTarget section */

/* Begin PBXProject section */
		A7FAFA9B211A2340003CC8AE /* Project object */ = {
			isa = PBXProject;
			attributes = {
				LastSwiftUpdateCheck = 0920;
				LastUpgradeCheck = 0930;
				ORGANIZATIONNAME = Patisonek;
				TargetAttributes = {
					A7FAFAA2211A2340003CC8AE = {
						CreatedOnToolsVersion = 9.2;
						ProvisioningStyle = Automatic;
					};
				};
			};
			buildConfigurationList = A7FAFA9E211A2340003CC8AE /* Build configuration list for PBXProject "Kosci" */;
			compatibilityVersion = "Xcode 8.0";
			developmentRegion = en;
			hasScannedForEncodings = 0;
			knownRegions = (
				en,
				Base,
			);
			mainGroup = A7FAFA9A211A2340003CC8AE;
			productRefGroup = A7FAFAA4211A2340003CC8AE /* Products */;
			projectDirPath = "";
			projectRoot = "";
			targets = (
				A7FAFAA2211A2340003CC8AE /* Kosci */,
			);
		};
/* End PBXProject section */

/* Begin PBXResourcesBuildPhase section */
		A7FAFAA1211A2340003CC8AE /* Resources */ = {
			isa = PBXResourcesBuildPhase;
			buildActionMask = 2147483647;
			files = (
				A7FAFAB1211A2340003CC8AE /* LaunchScreen.storyboard in Resources */,
				A7FAFAAE211A2340003CC8AE /* Assets.xcassets in Resources */,
				A7FAFAAC211A2340003CC8AE /* Main.storyboard in Resources */,
			);
			runOnlyForDeploymentPostprocessing = 0;
		};
/* End PBXResourcesBuildPhase section */

/* Begin PBXSourcesBuildPhase section */
		A7FAFA9F211A2340003CC8AE /* Sources */ = {
			isa = PBXSourcesBuildPhase;
			buildActionMask = 2147483647;
			files = (
				A7FAFAA9211A2340003CC8AE /* MainController.swift in Sources */,
				A7FAFAA7211A2340003CC8AE /* AppDelegate.swift in Sources */,
			);
			runOnlyForDeploymentPostprocessing = 0;
		};
/* End PBXSourcesBuildPhase section */

/* Begin PBXVariantGroup section */
		A7FAFAAA211A2340003CC8AE /* Main.storyboard */ = {
			isa = PBXVariantGroup;
			children = (
				A7FAFAAB211A2340003CC8AE /* Base */,
			);
			name = Main.storyboard;
			sourceTree = "<group>";
		};
		A7FAFAAF211A2340003CC8AE /* LaunchScreen.storyboard */ = {
			isa = PBXVariantGroup;
			children = (
				A7FAFAB0211A2340003CC8AE /* Base */,
			);
			name = LaunchScreen.storyboard;
			sourceTree = "<group>";
		};
/* End PBXVariantGroup section */

/* Begin XCBuildConfiguration section */
		A7FAFAB3211A2340003CC8AE /* Debug */ = {
			isa = XCBuildConfiguration;
			buildSettings = {
				ALWAYS_SEARCH_USER_PATHS = NO;
				CLANG_ANALYZER_NONNULL = YES;
				CLANG_ANALYZER_NUMBER_OBJECT_CONVERSION = YES_AGGRESSIVE;
				CLANG_CXX_LANGUAGE_STANDARD = "gnu++14";
				CLANG_CXX_LIBRARY = "libc++";
				CLANG_ENABLE_MODULES = YES;
				CLANG_ENABLE_OBJC_ARC = YES;
				CLANG_WARN_BLOCK_CAPTURE_AUTORELEASING = YES;
				CLANG_WARN_BOOL_CONVERSION = YES;
				CLANG_WARN_COMMA = YES;
				CLANG_WARN_CONSTANT_CONVERSION = YES;
				CLANG_WARN_DEPRECATED_OBJC_IMPLEMENTATIONS = YES;
				CLANG_WARN_DIRECT_OBJC_ISA_USAGE = YES_ERROR;
				CLANG_WARN_DOCUMENTATION_COMMENTS = YES;
				CLANG_WARN_EMPTY_BODY = YES;
				CLANG_WARN_ENUM_CONVERSION = YES;
				CLANG_WARN_INFINITE_RECURSION = YES;
				CLANG_WARN_INT_CONVERSION = YES;
				CLANG_WARN_NON_LITERAL_NULL_CONVERSION = YES;
				CLANG_WARN_OBJC_IMPLICIT_RETAIN_SELF = YES;
				CLANG_WARN_OBJC_LITERAL_CONVERSION = YES;
				CLANG_WARN_OBJC_ROOT_CLASS = YES_ERROR;
				CLANG_WARN_RANGE_LOOP_ANALYSIS = YES;
				CLANG_WARN_STRICT_PROTOTYPES = YES;
				CLANG_WARN_SUSPICIOUS_MOVE = YES;
				CLANG_WARN_UNGUARDED_AVAILABILITY = YES_AGGRESSIVE;
				CLANG_WARN_UNREACHABLE_CODE = YES;
				CLANG_WARN__DUPLICATE_METHOD_MATCH = YES;
				CODE_SIGN_IDENTITY = "iPhone Developer";
				COPY_PHASE_STRIP = NO;
				DEBUG_INFORMATION_FORMAT = dwarf;
				ENABLE_STRICT_OBJC_MSGSEND = YES;
				ENABLE_TESTABILITY = YES;
				GCC_C_LANGUAGE_STANDARD = gnu11;
				GCC_DYNAMIC_NO_PIC = NO;
				GCC_NO_COMMON_BLOCKS = YES;
				GCC_OPTIMIZATION_LEVEL = 0;
				GCC_PREPROCESSOR_DEFINITIONS = (
					"DEBUG=1",
					"$(inherited)",
				);
				GCC_WARN_64_TO_32_BIT_CONVERSION = YES;
				GCC_WARN_ABOUT_RETURN_TYPE = YES_ERROR;
				GCC_WARN_UNDECLARED_SELECTOR = YES;
				GCC_WARN_UNINITIALIZED_AUTOS = YES_AGGRESSIVE;
				GCC_WARN_UNUSED_FUNCTION = YES;
				GCC_WARN_UNUSED_VARIABLE = YES;
				IPHONEOS_DEPLOYMENT_TARGET = 11.3;
				MTL_ENABLE_DEBUG_INFO = YES;
				ONLY_ACTIVE_ARCH = YES;
				SDKROOT = iphoneos;
				SWIFT_ACTIVE_COMPILATION_CONDITIONS = DEBUG;
				SWIFT_OPTIMIZATION_LEVEL = "-Onone";
			};
			name = Debug;
		};
		A7FAFAB4211A2340003CC8AE /* Release */ = {
			isa = XCBuildConfiguration;
			buildSettings = {
				ALWAYS_SEARCH_USER_PATHS = NO;
				CLANG_ANALYZER_NONNULL = YES;
				CLANG_ANALYZER_NUMBER_OBJECT_CONVERSION = YES_AGGRESSIVE;
				CLANG_CXX_LANGUAGE_STANDARD = "gnu++14";
				CLANG_CXX_LIBRARY = "libc++";
				CLANG_ENABLE_MODULES = YES;
				CLANG_ENABLE_OBJC_ARC = YES;
				CLANG_WARN_BLOCK_CAPTURE_AUTORELEASING = YES;
				CLANG_WARN_BOOL_CONVERSION = YES;
				CLANG_WARN_COMMA = YES;
				CLANG_WARN_CONSTANT_CONVERSION = YES;
				CLANG_WARN_DEPRECATED_OBJC_IMPLEMENTATIONS = YES;
				CLANG_WARN_DIRECT_OBJC_ISA_USAGE = YES_ERROR;
				CLANG_WARN_DOCUMENTATION_COMMENTS = YES;
				CLANG_WARN_EMPTY_BODY = YES;
				CLANG_WARN_ENUM_CONVERSION = YES;
				CLANG_WARN_INFINITE_RECURSION = YES;
				CLANG_WARN_INT_CONVERSION = YES;
				CLANG_WARN_NON_LITERAL_NULL_CONVERSION = YES;
				CLANG_WARN_OBJC_IMPLICIT_RETAIN_SELF = YES;
				CLANG_WARN_OBJC_LITERAL_CONVERSION = YES;
				CLANG_WARN_OBJC_ROOT_CLASS = YES_ERROR;
				CLANG_WARN_RANGE_LOOP_ANALYSIS = YES;
				CLANG_WARN_STRICT_PROTOTYPES = YES;
				CLANG_WARN_SUSPICIOUS_MOVE = YES;
				CLANG_WARN_UNGUARDED_AVAILABILITY = YES_AGGRESSIVE;
				CLANG_WARN_UNREACHABLE_CODE = YES;
				CLANG_WARN__DUPLICATE_METHOD_MATCH = YES;
				CODE_SIGN_IDENTITY = "iPhone Developer";
				COPY_PHASE_STRIP = NO;
				DEBUG_INFORMATION_FORMAT = "dwarf-with-dsym";
				ENABLE_NS_ASSERTIONS = NO;
				ENABLE_STRICT_OBJC_MSGSEND = YES;
				GCC_C_LANGUAGE_STANDARD = gnu11;
				GCC_NO_COMMON_BLOCKS = YES;
				GCC_WARN_64_TO_32_BIT_CONVERSION = YES;
				GCC_WARN_ABOUT_RETURN_TYPE = YES_ERROR;
				GCC_WARN_UNDECLARED_SELECTOR = YES;
				GCC_WARN_UNINITIALIZED_AUTOS = YES_AGGRESSIVE;
				GCC_WARN_UNUSED_FUNCTION = YES;
				GCC_WARN_UNUSED_VARIABLE = YES;
				IPHONEOS_DEPLOYMENT_TARGET = 11.3;
				MTL_ENABLE_DEBUG_INFO = NO;
				SDKROOT = iphoneos;
				SWIFT_OPTIMIZATION_LEVEL = "-Owholemodule";
				VALIDATE_PRODUCT = YES;
			};
			name = Release;
		};
		A7FAFAB6211A2340003CC8AE /* Debug */ = {
			isa = XCBuildConfiguration;
			buildSettings = {
				ASSETCATALOG_COMPILER_APPICON_NAME = AppIcon;
				CODE_SIGN_STYLE = Automatic;
				DEVELOPMENT_TEAM = 3VX4A95W64;
				INFOPLIST_FILE = Kosci/Info.plist;
				IPHONEOS_DEPLOYMENT_TARGET = 11.2;
				LD_RUNPATH_SEARCH_PATHS = "$(inherited) @executable_path/Frameworks";
				PRODUCT_BUNDLE_IDENTIFIER = pati.Kosci;
				PRODUCT_NAME = "$(TARGET_NAME)";
				SWIFT_VERSION = 4.0;
				TARGETED_DEVICE_FAMILY = 1;
			};
			name = Debug;
		};
		A7FAFAB7211A2340003CC8AE /* Release */ = {
			isa = XCBuildConfiguration;
			buildSettings = {
				ASSETCATALOG_COMPILER_APPICON_NAME = AppIcon;
				CODE_SIGN_STYLE = Automatic;
				DEVELOPMENT_TEAM = 3VX4A95W64;
				INFOPLIST_FILE = Kosci/Info.plist;
				IPHONEOS_DEPLOYMENT_TARGET = 11.2;
				LD_RUNPATH_SEARCH_PATHS = "$(inherited) @executable_path/Frameworks";
				PRODUCT_BUNDLE_IDENTIFIER = pati.Kosci;
				PRODUCT_NAME = "$(TARGET_NAME)";
				SWIFT_VERSION = 4.0;
				TARGETED_DEVICE_FAMILY = 1;
			};
			name = Release;
		};
/* End XCBuildConfiguration section */

/* Begin XCConfigurationList section */
		A7FAFA9E211A2340003CC8AE /* Build configuration list for PBXProject "Kosci" */ = {
			isa = XCConfigurationList;
			buildConfigurations = (
				A7FAFAB3211A2340003CC8AE /* Debug */,
				A7FAFAB4211A2340003CC8AE /* Release */,
			);
			defaultConfigurationIsVisible = 0;
			defaultConfigurationName = Release;
		};
		A7FAFAB5211A2340003CC8AE /* Build configuration list for PBXNativeTarget "Kosci" */ = {
			isa = XCConfigurationList;
			buildConfigurations = (
				A7FAFAB6211A2340003CC8AE /* Debug */,
				A7FAFAB7211A2340003CC8AE /* Release */,
			);
			defaultConfigurationIsVisible = 0;
			defaultConfigurationName = Release;
		};
/* End XCConfigurationList section */
	};
	rootObject = A7FAFA9B211A2340003CC8AE /* Project object */;
}
